
Microsoft Visual Studio Solution File, Format Version 12.00
# Visual Studio Version 16
VisualStudioVersion = 16.0.30621.155
MinimumVisualStudioVersion = 10.0.40219.1
Project("{FAE04EC0-301F-11D3-BF4B-00C04F79EFBC}") = "TripLog.Android", "TripLog.Android\TripLog.Android.csproj", "{9D17F7D7-527D-4E12-922B-9FA715A55B06}"
EndProject
Project("{FAE04EC0-301F-11D3-BF4B-00C04F79EFBC}") = "TripLog.iOS", "TripLog.iOS\TripLog.iOS.csproj", "{F3F0070F-8257-46C2-BE7B-9EE2F38F7F69}"
EndProject
Project("{FAE04EC0-301F-11D3-BF4B-00C04F79EFBC}") = "TripLog", "TripLog\TripLog.csproj", "{5ECC2D12-D072-43FF-AE4F-0847D23F3309}"
EndProject
Global
	GlobalSection(SolutionConfigurationPlatforms) = preSolution
		Debug|Any CPU = Debug|Any CPU
		Debug|iPhone = Debug|iPhone
		Debug|iPhoneSimulator = Debug|iPhoneSimulator
		Release|Any CPU = Release|Any CPU
		Release|iPhone = Release|iPhone
		Release|iPhoneSimulator = Release|iPhoneSimulator
	EndGlobalSection
	GlobalSection(ProjectConfigurationPlatforms) = postSolution
		{9D17F7D7-527D-4E12-922B-9FA715A55B06}.Debug|Any CPU.ActiveCfg = Debug|Any CPU
		{9D17F7D7-527D-4E12-922B-9FA715A55B06}.Debug|Any CPU.Build.0 = Debug|Any CPU
		{9D17F7D7-527D-4E12-922B-9FA715A55B06}.Debug|Any CPU.Deploy.0 = Debug|Any CPU
		{9D17F7D7-527D-4E12-922B-9FA715A55B06}.Debug|iPhone.ActiveCfg = Debug|Any CPU
		{9D17F7D7-527D-4E12-922B-9FA715A55B06}.Debug|iPhone.Build.0 = Debug|Any CPU
		{9D17F7D7-527D-4E12-922B-9FA715A55B06}.Debug|iPhone.Deploy.0 = Debug|Any CPU
		{9D17F7D7-527D-4E12-922B-9FA715A55B06}.Debug|iPhoneSimulator.ActiveCfg = Debug|Any CPU
		{9D17F7D7-527D-4E12-922B-9FA715A55B06}.Debug|iPhoneSimulator.Build.0 = Debug|Any CPU
		{9D17F7D7-527D-4E12-922B-9FA715A55B06}.Debug|iPhoneSimulator.Deploy.0 = Debug|Any CPU
		{9D17F7D7-527D-4E12-922B-9FA715A55B06}.Release|Any CPU.ActiveCfg = Release|Any CPU
		{9D17F7D7-527D-4E12-922B-9FA715A55B06}.Release|Any CPU.Build.0 = Release|Any CPU
		{9D17F7D7-527D-4E12-922B-9FA715A55B06}.Release|Any CPU.Deploy.0 = Release|Any CPU
		{9D17F7D7-527D-4E12-922B-9FA715A55B06}.Release|iPhone.ActiveCfg = Release|Any CPU
		{9D17F7D7-527D-4E12-922B-9FA715A55B06}.Release|iPhone.Build.0 = Release|Any CPU
		{9D17F7D7-527D-4E12-922B-9FA715A55B06}.Release|iPhone.Deploy.0 = Release|Any CPU
		{9D17F7D7-527D-4E12-922B-9FA715A55B06}.Release|iPhoneSimulator.ActiveCfg = Release|Any CPU
		{9D17F7D7-527D-4E12-922B-9FA715A55B06}.Release|iPhoneSimulator.Build.0 = Release|Any CPU
		{9D17F7D7-527D-4E12-922B-9FA715A55B06}.Release|iPhoneSimulator.Deploy.0 = Release|Any CPU
		{F3F0070F-8257-46C2-BE7B-9EE2F38F7F69}.Debug|Any CPU.ActiveCfg = Debug|iPhone
		{F3F0070F-8257-46C2-BE7B-9EE2F38F7F69}.Debug|Any CPU.Build.0 = Debug|iPhone
		{F3F0070F-8257-46C2-BE7B-9EE2F38F7F69}.Debug|Any CPU.Deploy.0 = Debug|iPhone
		{F3F0070F-8257-46C2-BE7B-9EE2F38F7F69}.Debug|iPhone.ActiveCfg = Debug|iPhone
		{F3F0070F-8257-46C2-BE7B-9EE2F38F7F69}.Debug|iPhone.Build.0 = Debug|iPhone
		{F3F0070F-8257-46C2-BE7B-9EE2F38F7F69}.Debug|iPhone.Deploy.0 = Debug|iPhone
		{F3F0070F-8257-46C2-BE7B-9EE2F38F7F69}.Debug|iPhoneSimulator.ActiveCfg = Debug|iPhoneSimulator
		{F3F0070F-8257-46C2-BE7B-9EE2F38F7F69}.Debug|iPhoneSimulator.Build.0 = Debug|iPhoneSimulator
		{F3F0070F-8257-46C2-BE7B-9EE2F38F7F69}.Debug|iPhoneSimulator.Deploy.0 = Debug|iPhoneSimulator
		{F3F0070F-8257-46C2-BE7B-9EE2F38F7F69}.Release|Any CPU.ActiveCfg = Release|iPhoneSimulator
		{F3F0070F-8257-46C2-BE7B-9EE2F38F7F69}.Release|Any CPU.Build.0 = Release|iPhoneSimulator
		{F3F0070F-8257-46C2-BE7B-9EE2F38F7F69}.Release|Any CPU.Deploy.0 = Release|iPhoneSimulator
		{F3F0070F-8257-46C2-BE7B-9EE2F38F7F69}.Release|iPhone.ActiveCfg = Release|iPhone
		{F3F0070F-8257-46C2-BE7B-9EE2F38F7F69}.Release|iPhone.Build.0 = Release|iPhone
		{F3F0070F-8257-46C2-BE7B-9EE2F38F7F69}.Release|iPhone.Deploy.0 = Release|iPhone
		{F3F0070F-8257-46C2-BE7B-9EE2F38F7F69}.Release|iPhoneSimulator.ActiveCfg = Release|iPhoneSimulator
		{F3F0070F-8257-46C2-BE7B-9EE2F38F7F69}.Release|iPhoneSimulator.Build.0 = Release|iPhoneSimulator
		{F3F0070F-8257-46C2-BE7B-9EE2F38F7F69}.Release|iPhoneSimulator.Deploy.0 = Release|iPhoneSimulator
		{5ECC2D12-D072-43FF-AE4F-0847D23F3309}.Debug|Any CPU.ActiveCfg = Debug|Any CPU
		{5ECC2D12-D072-43FF-AE4F-0847D23F3309}.Debug|Any CPU.Build.0 = Debug|Any CPU
		{5ECC2D12-D072-43FF-AE4F-0847D23F3309}.Debug|Any CPU.Deploy.0 = Debug|Any CPU
		{5ECC2D12-D072-43FF-AE4F-0847D23F3309}.Debug|iPhone.ActiveCfg = Debug|Any CPU
		{5ECC2D12-D072-43FF-AE4F-0847D23F3309}.Debug|iPhone.Build.0 = Debug|Any CPU
		{5ECC2D12-D072-43FF-AE4F-0847D23F3309}.Debug|iPhone.Deploy.0 = Debug|Any CPU
		{5ECC2D12-D072-43FF-AE4F-0847D23F3309}.Debug|iPhoneSimulator.ActiveCfg = Debug|Any CPU
		{5ECC2D12-D072-43FF-AE4F-0847D23F3309}.Debug|iPhoneSimulator.Build.0 = Debug|Any CPU
		{5ECC2D12-D072-43FF-AE4F-0847D23F3309}.Debug|iPhoneSimulator.Deploy.0 = Debug|Any CPU
		{5ECC2D12-D072-43FF-AE4F-0847D23F3309}.Release|Any CPU.ActiveCfg = Release|Any CPU
		{5ECC2D12-D072-43FF-AE4F-0847D23F3309}.Release|Any CPU.Build.0 = Release|Any CPU
		{5ECC2D12-D072-43FF-AE4F-0847D23F3309}.Release|Any CPU.Deploy.0 = Release|Any CPU
		{5ECC2D12-D072-43FF-AE4F-0847D23F3309}.Release|iPhone.ActiveCfg = Release|Any CPU
		{5ECC2D12-D072-43FF-AE4F-0847D23F3309}.Release|iPhone.Build.0 = Release|Any CPU
		{5ECC2D12-D072-43FF-AE4F-0847D23F3309}.Release|iPhone.Deploy.0 = Release|Any CPU
		{5ECC2D12-D072-43FF-AE4F-0847D23F3309}.Release|iPhoneSimulator.ActiveCfg = Release|Any CPU
		{5ECC2D12-D072-43FF-AE4F-0847D23F3309}.Release|iPhoneSimulator.Build.0 = Release|Any CPU
		{5ECC2D12-D072-43FF-AE4F-0847D23F3309}.Release|iPhoneSimulator.Deploy.0 = Release|Any CPU
	EndGlobalSection
	GlobalSection(SolutionProperties) = preSolution
		HideSolutionNode = FALSE
	EndGlobalSection
	GlobalSection(ExtensibilityGlobals) = postSolution
		SolutionGuid = {CA175CA6-C2E9-4E0E-A6B0-DF63975AFB21}
	EndGlobalSection
EndGlobal
